
Microsoft Visual Studio Solution File, Format Version 12.00
# Visual Studio Version 16
VisualStudioVersion = 16.0.28803.352
MinimumVisualStudioVersion = 10.0.40219.1
Project("{FAE04EC0-301F-11D3-BF4B-00C04F79EFBC}") = "VisualNeuralNet", "VisualNeuralNet.csproj", "{A482CE99-CCB9-462A-8D2A-2A6D4619BC98}"
EndProject
Project("{FAE04EC0-301F-11D3-BF4B-00C04F79EFBC}") = "SimpleNeuralNet", "SimpleNeuralNet\SimpleNeuralNet.csproj", "{5521C55A-80EF-4978-92C4-646DC678760A}"
EndProject
Project("{FAE04EC0-301F-11D3-BF4B-00C04F79EFBC}") = "NeuralNetTests", "NeuralNetTests\NeuralNetTests.csproj", "{63E552F6-D83F-4594-BAF1-7475ED8A0A82}"
EndProject
Global
	GlobalSection(SolutionConfigurationPlatforms) = preSolution
		Debug|Any CPU = Debug|Any CPU
		Debug|x86 = Debug|x86
		Release|Any CPU = Release|Any CPU
		Release|x86 = Release|x86
	EndGlobalSection
	GlobalSection(ProjectConfigurationPlatforms) = postSolution
		{A482CE99-CCB9-462A-8D2A-2A6D4619BC98}.Debug|Any CPU.ActiveCfg = Debug|x86
		{A482CE99-CCB9-462A-8D2A-2A6D4619BC98}.Debug|Any CPU.Build.0 = Debug|x86
		{A482CE99-CCB9-462A-8D2A-2A6D4619BC98}.Debug|x86.ActiveCfg = Debug|x86
		{A482CE99-CCB9-462A-8D2A-2A6D4619BC98}.Debug|x86.Build.0 = Debug|x86
		{A482CE99-CCB9-462A-8D2A-2A6D4619BC98}.Release|Any CPU.ActiveCfg = Release|x86
		{A482CE99-CCB9-462A-8D2A-2A6D4619BC98}.Release|x86.ActiveCfg = Release|x86
		{A482CE99-CCB9-462A-8D2A-2A6D4619BC98}.Release|x86.Build.0 = Release|x86
		{5521C55A-80EF-4978-92C4-646DC678760A}.Debug|Any CPU.ActiveCfg = Debug|Any CPU
		{5521C55A-80EF-4978-92C4-646DC678760A}.Debug|Any CPU.Build.0 = Debug|Any CPU
		{5521C55A-80EF-4978-92C4-646DC678760A}.Debug|x86.ActiveCfg = Debug|Any CPU
		{5521C55A-80EF-4978-92C4-646DC678760A}.Debug|x86.Build.0 = Debug|Any CPU
		{5521C55A-80EF-4978-92C4-646DC678760A}.Release|Any CPU.ActiveCfg = Release|Any CPU
		{5521C55A-80EF-4978-92C4-646DC678760A}.Release|Any CPU.Build.0 = Release|Any CPU
		{5521C55A-80EF-4978-92C4-646DC678760A}.Release|x86.ActiveCfg = Release|Any CPU
		{5521C55A-80EF-4978-92C4-646DC678760A}.Release|x86.Build.0 = Release|Any CPU
		{63E552F6-D83F-4594-BAF1-7475ED8A0A82}.Debug|Any CPU.ActiveCfg = Debug|Any CPU
		{63E552F6-D83F-4594-BAF1-7475ED8A0A82}.Debug|Any CPU.Build.0 = Debug|Any CPU
		{63E552F6-D83F-4594-BAF1-7475ED8A0A82}.Debug|x86.ActiveCfg = Debug|Any CPU
		{63E552F6-D83F-4594-BAF1-7475ED8A0A82}.Debug|x86.Build.0 = Debug|Any CPU
		{63E552F6-D83F-4594-BAF1-7475ED8A0A82}.Release|Any CPU.ActiveCfg = Release|Any CPU
		{63E552F6-D83F-4594-BAF1-7475ED8A0A82}.Release|Any CPU.Build.0 = Release|Any CPU
		{63E552F6-D83F-4594-BAF1-7475ED8A0A82}.Release|x86.ActiveCfg = Release|Any CPU
		{63E552F6-D83F-4594-BAF1-7475ED8A0A82}.Release|x86.Build.0 = Release|Any CPU
	EndGlobalSection
	GlobalSection(SolutionProperties) = preSolution
		HideSolutionNode = FALSE
	EndGlobalSection
	GlobalSection(ExtensibilityGlobals) = postSolution
		SolutionGuid = {5E3C2B7A-5BB3-4A6B-ABBF-A31BCFAB848F}
	EndGlobalSection
EndGlobal
